
Microsoft Visual Studio Solution File, Format Version 12.00
# Visual Studio Version 16
VisualStudioVersion = 16.0.31019.35
MinimumVisualStudioVersion = 10.0.40219.1
Project("{9A19103F-16F7-4668-BE54-9A1E7A4F7556}") = "Yahyo", "Yahyo\Yahyo.csproj", "{F470C9A8-A4CC-4101-A28E-E4D8EB640EC0}"
EndProject
Project("{FAE04EC0-301F-11D3-BF4B-00C04F79EFBC}") = "Repository", "Repository\Repository.csproj", "{908FFE7D-D310-4074-9958-1C32BB272363}"
EndProject
Global
	GlobalSection(SolutionConfigurationPlatforms) = preSolution
		Debug|Any CPU = Debug|Any CPU
		Release|Any CPU = Release|Any CPU
	EndGlobalSection
	GlobalSection(ProjectConfigurationPlatforms) = postSolution
		{F470C9A8-A4CC-4101-A28E-E4D8EB640EC0}.Debug|Any CPU.ActiveCfg = Debug|Any CPU
		{F470C9A8-A4CC-4101-A28E-E4D8EB640EC0}.Debug|Any CPU.Build.0 = Debug|Any CPU
		{F470C9A8-A4CC-4101-A28E-E4D8EB640EC0}.Release|Any CPU.ActiveCfg = Release|Any CPU
		{F470C9A8-A4CC-4101-A28E-E4D8EB640EC0}.Release|Any CPU.Build.0 = Release|Any CPU
		{908FFE7D-D310-4074-9958-1C32BB272363}.Debug|Any CPU.ActiveCfg = Debug|Any CPU
		{908FFE7D-D310-4074-9958-1C32BB272363}.Debug|Any CPU.Build.0 = Debug|Any CPU
		{908FFE7D-D310-4074-9958-1C32BB272363}.Release|Any CPU.ActiveCfg = Release|Any CPU
		{908FFE7D-D310-4074-9958-1C32BB272363}.Release|Any CPU.Build.0 = Release|Any CPU
	EndGlobalSection
	GlobalSection(SolutionProperties) = preSolution
		HideSolutionNode = FALSE
	EndGlobalSection
	GlobalSection(ExtensibilityGlobals) = postSolution
		SolutionGuid = {DD2F7804-DDC3-4C44-92CF-9A4A50D0A590}
	EndGlobalSection
EndGlobal
